
Microsoft Visual Studio Solution File, Format Version 12.00
# Visual Studio 15
VisualStudioVersion = 15.0.28307.438
MinimumVisualStudioVersion = 10.0.40219.1
Project("{FAE04EC0-301F-11D3-BF4B-00C04F79EFBC}") = "DemoApp1", "DemoApp1\DemoApp1.csproj", "{CDBB96AB-059B-4790-8CF6-53B04F21A9D7}"
EndProject
Global
	GlobalSection(SolutionConfigurationPlatforms) = preSolution
		Debug|Any CPU = Debug|Any CPU
		Release|Any CPU = Release|Any CPU
	EndGlobalSection
	GlobalSection(ProjectConfigurationPlatforms) = postSolution
		{CDBB96AB-059B-4790-8CF6-53B04F21A9D7}.Debug|Any CPU.ActiveCfg = Debug|Any CPU
		{CDBB96AB-059B-4790-8CF6-53B04F21A9D7}.Debug|Any CPU.Build.0 = Debug|Any CPU
		{CDBB96AB-059B-4790-8CF6-53B04F21A9D7}.Release|Any CPU.ActiveCfg = Release|Any CPU
		{CDBB96AB-059B-4790-8CF6-53B04F21A9D7}.Release|Any CPU.Build.0 = Release|Any CPU
	EndGlobalSection
	GlobalSection(SolutionProperties) = preSolution
		HideSolutionNode = FALSE
	EndGlobalSection
	GlobalSection(ExtensibilityGlobals) = postSolution
		SolutionGuid = {21D0D9AA-47C6-4E47-B3D7-1A28A9833ECB}
	EndGlobalSection
EndGlobal
